
Microsoft Visual Studio Solution File, Format Version 12.00
# Visual Studio 15
VisualStudioVersion = 15.0.27703.2035
MinimumVisualStudioVersion = 10.0.40219.1
Project("{FAE04EC0-301F-11D3-BF4B-00C04F79EFBC}") = "Lec31_SingletonImplementation", "Lec31_SingletonImplementation\Lec31_SingletonImplementation.csproj", "{A328802C-1D68-4A3E-BFF2-2811A24495E3}"
EndProject
Project("{FAE04EC0-301F-11D3-BF4B-00C04F79EFBC}") = "Test_SingletonImplementation", "Test_SingletonImplementation\Test_SingletonImplementation.csproj", "{8B85B146-46AD-4E0B-B69D-C47CD31D5CEE}"
EndProject
Global
	GlobalSection(SolutionConfigurationPlatforms) = preSolution
		Debug|Any CPU = Debug|Any CPU
		Release|Any CPU = Release|Any CPU
	EndGlobalSection
	GlobalSection(ProjectConfigurationPlatforms) = postSolution
		{A328802C-1D68-4A3E-BFF2-2811A24495E3}.Debug|Any CPU.ActiveCfg = Debug|Any CPU
		{A328802C-1D68-4A3E-BFF2-2811A24495E3}.Debug|Any CPU.Build.0 = Debug|Any CPU
		{A328802C-1D68-4A3E-BFF2-2811A24495E3}.Release|Any CPU.ActiveCfg = Release|Any CPU
		{A328802C-1D68-4A3E-BFF2-2811A24495E3}.Release|Any CPU.Build.0 = Release|Any CPU
		{8B85B146-46AD-4E0B-B69D-C47CD31D5CEE}.Debug|Any CPU.ActiveCfg = Debug|Any CPU
		{8B85B146-46AD-4E0B-B69D-C47CD31D5CEE}.Debug|Any CPU.Build.0 = Debug|Any CPU
		{8B85B146-46AD-4E0B-B69D-C47CD31D5CEE}.Release|Any CPU.ActiveCfg = Release|Any CPU
		{8B85B146-46AD-4E0B-B69D-C47CD31D5CEE}.Release|Any CPU.Build.0 = Release|Any CPU
	EndGlobalSection
	GlobalSection(SolutionProperties) = preSolution
		HideSolutionNode = FALSE
	EndGlobalSection
	GlobalSection(ExtensibilityGlobals) = postSolution
		SolutionGuid = {D691D18C-173E-4F35-A602-4A4905A66CD2}
	EndGlobalSection
EndGlobal
