
Microsoft Visual Studio Solution File, Format Version 12.00
# Visual Studio 15
VisualStudioVersion = 15.0.28307.539
MinimumVisualStudioVersion = 10.0.40219.1
Project("{FAE04EC0-301F-11D3-BF4B-00C04F79EFBC}") = "Lec108_HandmadeStateMachine", "Lec108_HandmadeStateMachine\Lec108_HandmadeStateMachine.csproj", "{0D99A27A-8D71-4B1A-AB70-485565775E7D}"
EndProject
Project("{FAE04EC0-301F-11D3-BF4B-00C04F79EFBC}") = "Test_HandmadeStateMachine", "Test_HandmadeStateMachine\Test_HandmadeStateMachine.csproj", "{C950AEFE-848C-4403-A746-6CAAE693FC79}"
EndProject
Global
	GlobalSection(SolutionConfigurationPlatforms) = preSolution
		Debug|Any CPU = Debug|Any CPU
		Release|Any CPU = Release|Any CPU
	EndGlobalSection
	GlobalSection(ProjectConfigurationPlatforms) = postSolution
		{0D99A27A-8D71-4B1A-AB70-485565775E7D}.Debug|Any CPU.ActiveCfg = Debug|Any CPU
		{0D99A27A-8D71-4B1A-AB70-485565775E7D}.Debug|Any CPU.Build.0 = Debug|Any CPU
		{0D99A27A-8D71-4B1A-AB70-485565775E7D}.Release|Any CPU.ActiveCfg = Release|Any CPU
		{0D99A27A-8D71-4B1A-AB70-485565775E7D}.Release|Any CPU.Build.0 = Release|Any CPU
		{C950AEFE-848C-4403-A746-6CAAE693FC79}.Debug|Any CPU.ActiveCfg = Debug|Any CPU
		{C950AEFE-848C-4403-A746-6CAAE693FC79}.Debug|Any CPU.Build.0 = Debug|Any CPU
		{C950AEFE-848C-4403-A746-6CAAE693FC79}.Release|Any CPU.ActiveCfg = Release|Any CPU
		{C950AEFE-848C-4403-A746-6CAAE693FC79}.Release|Any CPU.Build.0 = Release|Any CPU
	EndGlobalSection
	GlobalSection(SolutionProperties) = preSolution
		HideSolutionNode = FALSE
	EndGlobalSection
	GlobalSection(ExtensibilityGlobals) = postSolution
		SolutionGuid = {731B337F-ED2A-42E1-8F8F-09AF48EE65DB}
	EndGlobalSection
EndGlobal
