
Microsoft Visual Studio Solution File, Format Version 12.00
# Visual Studio 15
VisualStudioVersion = 15.0.27703.2035
MinimumVisualStudioVersion = 10.0.40219.1
Project("{FAE04EC0-301F-11D3-BF4B-00C04F79EFBC}") = "Lec58_TextFormatting", "Lec58_TextFormatting\Lec58_TextFormatting.csproj", "{DAFFFB16-23DD-4713-9396-A9EF7D6D3F11}"
EndProject
Global
	GlobalSection(SolutionConfigurationPlatforms) = preSolution
		Debug|Any CPU = Debug|Any CPU
		Release|Any CPU = Release|Any CPU
	EndGlobalSection
	GlobalSection(ProjectConfigurationPlatforms) = postSolution
		{DAFFFB16-23DD-4713-9396-A9EF7D6D3F11}.Debug|Any CPU.ActiveCfg = Debug|Any CPU
		{DAFFFB16-23DD-4713-9396-A9EF7D6D3F11}.Debug|Any CPU.Build.0 = Debug|Any CPU
		{DAFFFB16-23DD-4713-9396-A9EF7D6D3F11}.Release|Any CPU.ActiveCfg = Release|Any CPU
		{DAFFFB16-23DD-4713-9396-A9EF7D6D3F11}.Release|Any CPU.Build.0 = Release|Any CPU
	EndGlobalSection
	GlobalSection(SolutionProperties) = preSolution
		HideSolutionNode = FALSE
	EndGlobalSection
	GlobalSection(ExtensibilityGlobals) = postSolution
		SolutionGuid = {5EC455F4-4015-46A6-8BA0-82047C42B9F8}
	EndGlobalSection
EndGlobal
