
Microsoft Visual Studio Solution File, Format Version 12.00
# Visual Studio 15
VisualStudioVersion = 15.0.27703.2035
MinimumVisualStudioVersion = 10.0.40219.1
Project("{FAE04EC0-301F-11D3-BF4B-00C04F79EFBC}") = "Lec03_SingleResponsibilityPrinciple", "Lec03_SingleResponsibilityPrinciple\Lec03_SingleResponsibilityPrinciple.csproj", "{D821307A-3700-4B57-818E-BA1AC3B334B6}"
EndProject
Project("{FAE04EC0-301F-11D3-BF4B-00C04F79EFBC}") = "Lec04_OpenClosedPrinciple", "Lec04_OpenClosedPrinciple\Lec04_OpenClosedPrinciple.csproj", "{72CE925B-C8EA-4E2B-94C5-197D8E1E4636}"
EndProject
Project("{FAE04EC0-301F-11D3-BF4B-00C04F79EFBC}") = "Test_SingleResponsibilityPrinciple", "Test_SingleResponsibilityPrinciple\Test_SingleResponsibilityPrinciple.csproj", "{B78AA868-C085-4FAC-9F4B-492FE8A3D604}"
EndProject
Project("{FAE04EC0-301F-11D3-BF4B-00C04F79EFBC}") = "Test_OpenClosedPrinciple", "Test_OpenClosedPrinciple\Test_OpenClosedPrinciple.csproj", "{CF30743A-65C6-4ECC-BD18-89C9BFF86B6E}"
EndProject
Project("{FAE04EC0-301F-11D3-BF4B-00C04F79EFBC}") = "Lec05_LiscovSubstitutionPrinciple", "Lec05_LiscovSubstitutionPrinciple\Lec05_LiscovSubstitutionPrinciple.csproj", "{1C9F62C7-445F-4EC1-A7FC-0D7B530118D5}"
EndProject
Project("{FAE04EC0-301F-11D3-BF4B-00C04F79EFBC}") = "LiscovSubstitutionPrincipleTest", "LiscovSubstitutionPrincipleTest\LiscovSubstitutionPrincipleTest.csproj", "{A29AA788-207D-4581-AE29-3EC19E7E88FC}"
EndProject
Project("{FAE04EC0-301F-11D3-BF4B-00C04F79EFBC}") = "Lec06_InterfaceSegregationPrinciple", "Lec06_InterfaceSegregationPrinciple\Lec06_InterfaceSegregationPrinciple.csproj", "{E6B5545F-C289-4023-993E-90A86775F240}"
EndProject
Project("{FAE04EC0-301F-11D3-BF4B-00C04F79EFBC}") = "Lec07_DependencyInversionPrinciple", "Lec07_DependencyInversionPrinciple\Lec07_DependencyInversionPrinciple.csproj", "{866A2C6A-56C3-4C42-B96F-18B25995070E}"
EndProject
Global
	GlobalSection(SolutionConfigurationPlatforms) = preSolution
		Debug|Any CPU = Debug|Any CPU
		Release|Any CPU = Release|Any CPU
	EndGlobalSection
	GlobalSection(ProjectConfigurationPlatforms) = postSolution
		{D821307A-3700-4B57-818E-BA1AC3B334B6}.Debug|Any CPU.ActiveCfg = Debug|Any CPU
		{D821307A-3700-4B57-818E-BA1AC3B334B6}.Debug|Any CPU.Build.0 = Debug|Any CPU
		{D821307A-3700-4B57-818E-BA1AC3B334B6}.Release|Any CPU.ActiveCfg = Release|Any CPU
		{D821307A-3700-4B57-818E-BA1AC3B334B6}.Release|Any CPU.Build.0 = Release|Any CPU
		{72CE925B-C8EA-4E2B-94C5-197D8E1E4636}.Debug|Any CPU.ActiveCfg = Debug|Any CPU
		{72CE925B-C8EA-4E2B-94C5-197D8E1E4636}.Debug|Any CPU.Build.0 = Debug|Any CPU
		{72CE925B-C8EA-4E2B-94C5-197D8E1E4636}.Release|Any CPU.ActiveCfg = Release|Any CPU
		{72CE925B-C8EA-4E2B-94C5-197D8E1E4636}.Release|Any CPU.Build.0 = Release|Any CPU
		{B78AA868-C085-4FAC-9F4B-492FE8A3D604}.Debug|Any CPU.ActiveCfg = Debug|Any CPU
		{B78AA868-C085-4FAC-9F4B-492FE8A3D604}.Debug|Any CPU.Build.0 = Debug|Any CPU
		{B78AA868-C085-4FAC-9F4B-492FE8A3D604}.Release|Any CPU.ActiveCfg = Release|Any CPU
		{B78AA868-C085-4FAC-9F4B-492FE8A3D604}.Release|Any CPU.Build.0 = Release|Any CPU
		{CF30743A-65C6-4ECC-BD18-89C9BFF86B6E}.Debug|Any CPU.ActiveCfg = Debug|Any CPU
		{CF30743A-65C6-4ECC-BD18-89C9BFF86B6E}.Debug|Any CPU.Build.0 = Debug|Any CPU
		{CF30743A-65C6-4ECC-BD18-89C9BFF86B6E}.Release|Any CPU.ActiveCfg = Release|Any CPU
		{CF30743A-65C6-4ECC-BD18-89C9BFF86B6E}.Release|Any CPU.Build.0 = Release|Any CPU
		{1C9F62C7-445F-4EC1-A7FC-0D7B530118D5}.Debug|Any CPU.ActiveCfg = Debug|Any CPU
		{1C9F62C7-445F-4EC1-A7FC-0D7B530118D5}.Debug|Any CPU.Build.0 = Debug|Any CPU
		{1C9F62C7-445F-4EC1-A7FC-0D7B530118D5}.Release|Any CPU.ActiveCfg = Release|Any CPU
		{1C9F62C7-445F-4EC1-A7FC-0D7B530118D5}.Release|Any CPU.Build.0 = Release|Any CPU
		{A29AA788-207D-4581-AE29-3EC19E7E88FC}.Debug|Any CPU.ActiveCfg = Debug|Any CPU
		{A29AA788-207D-4581-AE29-3EC19E7E88FC}.Debug|Any CPU.Build.0 = Debug|Any CPU
		{A29AA788-207D-4581-AE29-3EC19E7E88FC}.Release|Any CPU.ActiveCfg = Release|Any CPU
		{A29AA788-207D-4581-AE29-3EC19E7E88FC}.Release|Any CPU.Build.0 = Release|Any CPU
		{E6B5545F-C289-4023-993E-90A86775F240}.Debug|Any CPU.ActiveCfg = Debug|Any CPU
		{E6B5545F-C289-4023-993E-90A86775F240}.Debug|Any CPU.Build.0 = Debug|Any CPU
		{E6B5545F-C289-4023-993E-90A86775F240}.Release|Any CPU.ActiveCfg = Release|Any CPU
		{E6B5545F-C289-4023-993E-90A86775F240}.Release|Any CPU.Build.0 = Release|Any CPU
		{866A2C6A-56C3-4C42-B96F-18B25995070E}.Debug|Any CPU.ActiveCfg = Debug|Any CPU
		{866A2C6A-56C3-4C42-B96F-18B25995070E}.Debug|Any CPU.Build.0 = Debug|Any CPU
		{866A2C6A-56C3-4C42-B96F-18B25995070E}.Release|Any CPU.ActiveCfg = Release|Any CPU
		{866A2C6A-56C3-4C42-B96F-18B25995070E}.Release|Any CPU.Build.0 = Release|Any CPU
	EndGlobalSection
	GlobalSection(SolutionProperties) = preSolution
		HideSolutionNode = FALSE
	EndGlobalSection
	GlobalSection(ExtensibilityGlobals) = postSolution
		SolutionGuid = {0E4954B6-68EB-4B27-8B2A-41BB5C74B273}
	EndGlobalSection
EndGlobal
