
Microsoft Visual Studio Solution File, Format Version 12.00
# Visual Studio 15
VisualStudioVersion = 15.0.27703.2035
MinimumVisualStudioVersion = 10.0.40219.1
Project("{FAE04EC0-301F-11D3-BF4B-00C04F79EFBC}") = "Lec62_ProtectionProxy", "Lec62_ProtectionProxy\Lec62_ProtectionProxy.csproj", "{AF39EFAB-A678-4070-A075-C2D62F6DCCA1}"
EndProject
Global
	GlobalSection(SolutionConfigurationPlatforms) = preSolution
		Debug|Any CPU = Debug|Any CPU
		Release|Any CPU = Release|Any CPU
	EndGlobalSection
	GlobalSection(ProjectConfigurationPlatforms) = postSolution
		{AF39EFAB-A678-4070-A075-C2D62F6DCCA1}.Debug|Any CPU.ActiveCfg = Debug|Any CPU
		{AF39EFAB-A678-4070-A075-C2D62F6DCCA1}.Debug|Any CPU.Build.0 = Debug|Any CPU
		{AF39EFAB-A678-4070-A075-C2D62F6DCCA1}.Release|Any CPU.ActiveCfg = Release|Any CPU
		{AF39EFAB-A678-4070-A075-C2D62F6DCCA1}.Release|Any CPU.Build.0 = Release|Any CPU
	EndGlobalSection
	GlobalSection(SolutionProperties) = preSolution
		HideSolutionNode = FALSE
	EndGlobalSection
	GlobalSection(ExtensibilityGlobals) = postSolution
		SolutionGuid = {21DBBE99-01FD-45D2-88D3-10FFDAA2FDFB}
	EndGlobalSection
EndGlobal
