
Microsoft Visual Studio Solution File, Format Version 12.00
# Visual Studio 15
VisualStudioVersion = 15.0.27703.2035
MinimumVisualStudioVersion = 10.0.40219.1
Project("{FAE04EC0-301F-11D3-BF4B-00C04F79EFBC}") = "Lec44_GeometricShapes", "Lec44_GeometricShapes\Lec44_GeometricShapes.csproj", "{B543B2FD-DE7B-4176-BFC1-644A6F26470E}"
EndProject
Global
	GlobalSection(SolutionConfigurationPlatforms) = preSolution
		Debug|Any CPU = Debug|Any CPU
		Release|Any CPU = Release|Any CPU
	EndGlobalSection
	GlobalSection(ProjectConfigurationPlatforms) = postSolution
		{B543B2FD-DE7B-4176-BFC1-644A6F26470E}.Debug|Any CPU.ActiveCfg = Debug|Any CPU
		{B543B2FD-DE7B-4176-BFC1-644A6F26470E}.Debug|Any CPU.Build.0 = Debug|Any CPU
		{B543B2FD-DE7B-4176-BFC1-644A6F26470E}.Release|Any CPU.ActiveCfg = Release|Any CPU
		{B543B2FD-DE7B-4176-BFC1-644A6F26470E}.Release|Any CPU.Build.0 = Release|Any CPU
	EndGlobalSection
	GlobalSection(SolutionProperties) = preSolution
		HideSolutionNode = FALSE
	EndGlobalSection
	GlobalSection(ExtensibilityGlobals) = postSolution
		SolutionGuid = {73CB3B98-265C-437B-A47C-D8CFD33E7D84}
	EndGlobalSection
EndGlobal
