
Microsoft Visual Studio Solution File, Format Version 12.00
# Visual Studio 15
VisualStudioVersion = 15.0.28010.2003
MinimumVisualStudioVersion = 10.0.40219.1
Project("{FAE04EC0-301F-11D3-BF4B-00C04F79EFBC}") = "Lec37_VectorRasterDemo", "Lec37_VectorRasterDemo\Lec37_VectorRasterDemo.csproj", "{EE34B316-A95E-4E99-BF00-67721CCFBB55}"
EndProject
Project("{FAE04EC0-301F-11D3-BF4B-00C04F79EFBC}") = "Test_VectorRasterDemo", "Test_VectorRasterDemo\Test_VectorRasterDemo.csproj", "{6D350161-0EC2-44E7-A237-F828A3E5D395}"
EndProject
Project("{FAE04EC0-301F-11D3-BF4B-00C04F79EFBC}") = "Lec38_AdapterCaching", "Lec38_AdapterCaching\Lec38_AdapterCaching.csproj", "{020C1CC9-1A09-4EAA-A1C2-7DA68B649F55}"
EndProject
Project("{FAE04EC0-301F-11D3-BF4B-00C04F79EFBC}") = "Test_AdapterCashing", "Test_AdapterCashing\Test_AdapterCashing.csproj", "{870B6B31-39C7-41F1-91C0-6622AECA238E}"
EndProject
Project("{FAE04EC0-301F-11D3-BF4B-00C04F79EFBC}") = "Ex_Adapter", "Ex_Adapter\Ex_Adapter.csproj", "{A18386E4-148A-4353-9C14-D950D505D68E}"
EndProject
Global
	GlobalSection(SolutionConfigurationPlatforms) = preSolution
		Debug|Any CPU = Debug|Any CPU
		Release|Any CPU = Release|Any CPU
	EndGlobalSection
	GlobalSection(ProjectConfigurationPlatforms) = postSolution
		{EE34B316-A95E-4E99-BF00-67721CCFBB55}.Debug|Any CPU.ActiveCfg = Debug|Any CPU
		{EE34B316-A95E-4E99-BF00-67721CCFBB55}.Debug|Any CPU.Build.0 = Debug|Any CPU
		{EE34B316-A95E-4E99-BF00-67721CCFBB55}.Release|Any CPU.ActiveCfg = Release|Any CPU
		{EE34B316-A95E-4E99-BF00-67721CCFBB55}.Release|Any CPU.Build.0 = Release|Any CPU
		{6D350161-0EC2-44E7-A237-F828A3E5D395}.Debug|Any CPU.ActiveCfg = Debug|Any CPU
		{6D350161-0EC2-44E7-A237-F828A3E5D395}.Debug|Any CPU.Build.0 = Debug|Any CPU
		{6D350161-0EC2-44E7-A237-F828A3E5D395}.Release|Any CPU.ActiveCfg = Release|Any CPU
		{6D350161-0EC2-44E7-A237-F828A3E5D395}.Release|Any CPU.Build.0 = Release|Any CPU
		{020C1CC9-1A09-4EAA-A1C2-7DA68B649F55}.Debug|Any CPU.ActiveCfg = Debug|Any CPU
		{020C1CC9-1A09-4EAA-A1C2-7DA68B649F55}.Debug|Any CPU.Build.0 = Debug|Any CPU
		{020C1CC9-1A09-4EAA-A1C2-7DA68B649F55}.Release|Any CPU.ActiveCfg = Release|Any CPU
		{020C1CC9-1A09-4EAA-A1C2-7DA68B649F55}.Release|Any CPU.Build.0 = Release|Any CPU
		{870B6B31-39C7-41F1-91C0-6622AECA238E}.Debug|Any CPU.ActiveCfg = Debug|Any CPU
		{870B6B31-39C7-41F1-91C0-6622AECA238E}.Debug|Any CPU.Build.0 = Debug|Any CPU
		{870B6B31-39C7-41F1-91C0-6622AECA238E}.Release|Any CPU.ActiveCfg = Release|Any CPU
		{870B6B31-39C7-41F1-91C0-6622AECA238E}.Release|Any CPU.Build.0 = Release|Any CPU
		{A18386E4-148A-4353-9C14-D950D505D68E}.Debug|Any CPU.ActiveCfg = Debug|Any CPU
		{A18386E4-148A-4353-9C14-D950D505D68E}.Debug|Any CPU.Build.0 = Debug|Any CPU
		{A18386E4-148A-4353-9C14-D950D505D68E}.Release|Any CPU.ActiveCfg = Release|Any CPU
		{A18386E4-148A-4353-9C14-D950D505D68E}.Release|Any CPU.Build.0 = Release|Any CPU
	EndGlobalSection
	GlobalSection(SolutionProperties) = preSolution
		HideSolutionNode = FALSE
	EndGlobalSection
	GlobalSection(ExtensibilityGlobals) = postSolution
		SolutionGuid = {9394FF27-2747-4498-8689-E6A18C676719}
	EndGlobalSection
EndGlobal
