
Microsoft Visual Studio Solution File, Format Version 12.00
# Visual Studio 15
VisualStudioVersion = 15.0.28010.2003
MinimumVisualStudioVersion = 10.0.40219.1
Project("{FAE04EC0-301F-11D3-BF4B-00C04F79EFBC}") = "Lec37_VectorRasterDemo", "Lec37_VectorRasterDemo\Lec37_VectorRasterDemo.csproj", "{EE34B316-A95E-4E99-BF00-67721CCFBB55}"
EndProject
Global
	GlobalSection(SolutionConfigurationPlatforms) = preSolution
		Debug|Any CPU = Debug|Any CPU
		Release|Any CPU = Release|Any CPU
	EndGlobalSection
	GlobalSection(ProjectConfigurationPlatforms) = postSolution
		{EE34B316-A95E-4E99-BF00-67721CCFBB55}.Debug|Any CPU.ActiveCfg = Debug|Any CPU
		{EE34B316-A95E-4E99-BF00-67721CCFBB55}.Debug|Any CPU.Build.0 = Debug|Any CPU
		{EE34B316-A95E-4E99-BF00-67721CCFBB55}.Release|Any CPU.ActiveCfg = Release|Any CPU
		{EE34B316-A95E-4E99-BF00-67721CCFBB55}.Release|Any CPU.Build.0 = Release|Any CPU
	EndGlobalSection
	GlobalSection(SolutionProperties) = preSolution
		HideSolutionNode = FALSE
	EndGlobalSection
	GlobalSection(ExtensibilityGlobals) = postSolution
		SolutionGuid = {9394FF27-2747-4498-8689-E6A18C676719}
	EndGlobalSection
EndGlobal
