
Microsoft Visual Studio Solution File, Format Version 12.00
# Visual Studio 15
VisualStudioVersion = 15.0.27703.2035
MinimumVisualStudioVersion = 10.0.40219.1
Project("{FAE04EC0-301F-11D3-BF4B-00C04F79EFBC}") = "Lec92_Memento", "Lec92_Memento\Lec92_Memento.csproj", "{EF7D1339-2ECA-4823-9EFD-31E979B45DD4}"
EndProject
Project("{FAE04EC0-301F-11D3-BF4B-00C04F79EFBC}") = "Test_Memento", "Test_Memento\Test_Memento.csproj", "{0B460DAA-C95E-43A0-A7C7-BE9D5D025FDE}"
EndProject
Project("{FAE04EC0-301F-11D3-BF4B-00C04F79EFBC}") = "Lec93_UndoAndRedo", "Lec93_UndoAndRedo\Lec93_UndoAndRedo.csproj", "{7F831478-3E88-4142-BBBD-E3076DCCA531}"
EndProject
Project("{FAE04EC0-301F-11D3-BF4B-00C04F79EFBC}") = "Test_UndoAndRedo", "Test_UndoAndRedo\Test_UndoAndRedo.csproj", "{13623458-C80E-4D26-8628-8EC46D0F498B}"
EndProject
Project("{FAE04EC0-301F-11D3-BF4B-00C04F79EFBC}") = "Lec94_MementoForInterop", "Lec94_MementoForInterop\Lec94_MementoForInterop.csproj", "{8D6A2D80-B906-42A7-A038-B372B0DA762B}"
EndProject
Global
	GlobalSection(SolutionConfigurationPlatforms) = preSolution
		Debug|Any CPU = Debug|Any CPU
		Release|Any CPU = Release|Any CPU
	EndGlobalSection
	GlobalSection(ProjectConfigurationPlatforms) = postSolution
		{EF7D1339-2ECA-4823-9EFD-31E979B45DD4}.Debug|Any CPU.ActiveCfg = Debug|Any CPU
		{EF7D1339-2ECA-4823-9EFD-31E979B45DD4}.Debug|Any CPU.Build.0 = Debug|Any CPU
		{EF7D1339-2ECA-4823-9EFD-31E979B45DD4}.Release|Any CPU.ActiveCfg = Release|Any CPU
		{EF7D1339-2ECA-4823-9EFD-31E979B45DD4}.Release|Any CPU.Build.0 = Release|Any CPU
		{0B460DAA-C95E-43A0-A7C7-BE9D5D025FDE}.Debug|Any CPU.ActiveCfg = Debug|Any CPU
		{0B460DAA-C95E-43A0-A7C7-BE9D5D025FDE}.Debug|Any CPU.Build.0 = Debug|Any CPU
		{0B460DAA-C95E-43A0-A7C7-BE9D5D025FDE}.Release|Any CPU.ActiveCfg = Release|Any CPU
		{0B460DAA-C95E-43A0-A7C7-BE9D5D025FDE}.Release|Any CPU.Build.0 = Release|Any CPU
		{7F831478-3E88-4142-BBBD-E3076DCCA531}.Debug|Any CPU.ActiveCfg = Debug|Any CPU
		{7F831478-3E88-4142-BBBD-E3076DCCA531}.Debug|Any CPU.Build.0 = Debug|Any CPU
		{7F831478-3E88-4142-BBBD-E3076DCCA531}.Release|Any CPU.ActiveCfg = Release|Any CPU
		{7F831478-3E88-4142-BBBD-E3076DCCA531}.Release|Any CPU.Build.0 = Release|Any CPU
		{13623458-C80E-4D26-8628-8EC46D0F498B}.Debug|Any CPU.ActiveCfg = Debug|Any CPU
		{13623458-C80E-4D26-8628-8EC46D0F498B}.Debug|Any CPU.Build.0 = Debug|Any CPU
		{13623458-C80E-4D26-8628-8EC46D0F498B}.Release|Any CPU.ActiveCfg = Release|Any CPU
		{13623458-C80E-4D26-8628-8EC46D0F498B}.Release|Any CPU.Build.0 = Release|Any CPU
		{8D6A2D80-B906-42A7-A038-B372B0DA762B}.Debug|Any CPU.ActiveCfg = Debug|Any CPU
		{8D6A2D80-B906-42A7-A038-B372B0DA762B}.Debug|Any CPU.Build.0 = Debug|Any CPU
		{8D6A2D80-B906-42A7-A038-B372B0DA762B}.Release|Any CPU.ActiveCfg = Release|Any CPU
		{8D6A2D80-B906-42A7-A038-B372B0DA762B}.Release|Any CPU.Build.0 = Release|Any CPU
	EndGlobalSection
	GlobalSection(SolutionProperties) = preSolution
		HideSolutionNode = FALSE
	EndGlobalSection
	GlobalSection(ExtensibilityGlobals) = postSolution
		SolutionGuid = {59E509A7-4214-4D58-850C-87F8012DF8BE}
	EndGlobalSection
EndGlobal
