
Microsoft Visual Studio Solution File, Format Version 12.00
# Visual Studio 15
VisualStudioVersion = 15.0.28307.539
MinimumVisualStudioVersion = 10.0.40219.1
Project("{FAE04EC0-301F-11D3-BF4B-00C04F79EFBC}") = "Lec117_TempleteMethod", "Lec117_TempleteMethod\Lec117_TempleteMethod.csproj", "{56B605B1-0C41-49E8-A8D2-3269E184F5AB}"
EndProject
Project("{FAE04EC0-301F-11D3-BF4B-00C04F79EFBC}") = "Test_TempleteMethod", "Test_TempleteMethod\Test_TempleteMethod.csproj", "{BFB2D39B-BF13-40D2-9AAB-518A460D6CD0}"
EndProject
Project("{FAE04EC0-301F-11D3-BF4B-00C04F79EFBC}") = "Ex1", "Ex1\Ex1.csproj", "{B712C0F8-68A8-4EC4-A5F5-5284B9F138BF}"
EndProject
Global
	GlobalSection(SolutionConfigurationPlatforms) = preSolution
		Debug|Any CPU = Debug|Any CPU
		Release|Any CPU = Release|Any CPU
	EndGlobalSection
	GlobalSection(ProjectConfigurationPlatforms) = postSolution
		{56B605B1-0C41-49E8-A8D2-3269E184F5AB}.Debug|Any CPU.ActiveCfg = Debug|Any CPU
		{56B605B1-0C41-49E8-A8D2-3269E184F5AB}.Debug|Any CPU.Build.0 = Debug|Any CPU
		{56B605B1-0C41-49E8-A8D2-3269E184F5AB}.Release|Any CPU.ActiveCfg = Release|Any CPU
		{56B605B1-0C41-49E8-A8D2-3269E184F5AB}.Release|Any CPU.Build.0 = Release|Any CPU
		{BFB2D39B-BF13-40D2-9AAB-518A460D6CD0}.Debug|Any CPU.ActiveCfg = Debug|Any CPU
		{BFB2D39B-BF13-40D2-9AAB-518A460D6CD0}.Debug|Any CPU.Build.0 = Debug|Any CPU
		{BFB2D39B-BF13-40D2-9AAB-518A460D6CD0}.Release|Any CPU.ActiveCfg = Release|Any CPU
		{BFB2D39B-BF13-40D2-9AAB-518A460D6CD0}.Release|Any CPU.Build.0 = Release|Any CPU
		{B712C0F8-68A8-4EC4-A5F5-5284B9F138BF}.Debug|Any CPU.ActiveCfg = Debug|Any CPU
		{B712C0F8-68A8-4EC4-A5F5-5284B9F138BF}.Debug|Any CPU.Build.0 = Debug|Any CPU
		{B712C0F8-68A8-4EC4-A5F5-5284B9F138BF}.Release|Any CPU.ActiveCfg = Release|Any CPU
		{B712C0F8-68A8-4EC4-A5F5-5284B9F138BF}.Release|Any CPU.Build.0 = Release|Any CPU
	EndGlobalSection
	GlobalSection(SolutionProperties) = preSolution
		HideSolutionNode = FALSE
	EndGlobalSection
	GlobalSection(ExtensibilityGlobals) = postSolution
		SolutionGuid = {D2CEAC60-CCF0-4302-B322-A214785C1337}
	EndGlobalSection
EndGlobal
