
Microsoft Visual Studio Solution File, Format Version 12.00
# Visual Studio 15
VisualStudioVersion = 15.0.27703.2035
MinimumVisualStudioVersion = 10.0.40219.1
Project("{FAE04EC0-301F-11D3-BF4B-00C04F79EFBC}") = "Lec17_PointExample", "Lec17_PointExample\Lec17_PointExample.csproj", "{29CAE12E-B773-4500-B261-1AA5865FF7DF}"
EndProject
Project("{FAE04EC0-301F-11D3-BF4B-00C04F79EFBC}") = "TestPointExample", "TestPointExample\TestPointExample.csproj", "{72CE0C35-8F22-4D29-8763-FFB7DE44BDC3}"
EndProject
Project("{FAE04EC0-301F-11D3-BF4B-00C04F79EFBC}") = "Lec18_FactoryMethod", "Lec18_FactoryMethod\Lec18_FactoryMethod.csproj", "{90BB2C04-0DB7-4D98-8EE9-4E924E295A24}"
EndProject
Project("{FAE04EC0-301F-11D3-BF4B-00C04F79EFBC}") = "Lec19_Factory", "Lec19_Factory\Lec19_Factory.csproj", "{E5DC00E3-BA51-4128-858D-E1E742C195DC}"
EndProject
Project("{FAE04EC0-301F-11D3-BF4B-00C04F79EFBC}") = "Lec20_InnerFactory", "Lec20_InnerFactory\Lec20_InnerFactory.csproj", "{B4218E90-A06F-493F-8257-15A7F79C59EC}"
EndProject
Project("{FAE04EC0-301F-11D3-BF4B-00C04F79EFBC}") = "Test_InnerFactory", "Test_InnerFactory\Test_InnerFactory.csproj", "{48682393-FAAA-4A48-B997-E0951EBEDCAE}"
EndProject
Project("{FAE04EC0-301F-11D3-BF4B-00C04F79EFBC}") = "Lec21_AbstractFactory", "Lec21_AbstractFactory\Lec21_AbstractFactory.csproj", "{D6DF7322-48D5-40DD-86FB-D56FF0B0E71D}"
EndProject
Project("{FAE04EC0-301F-11D3-BF4B-00C04F79EFBC}") = "Test_AbstractFactory", "Test_AbstractFactory\Test_AbstractFactory.csproj", "{24E0722C-4097-4207-8CD2-2CB773D15492}"
EndProject
Project("{FAE04EC0-301F-11D3-BF4B-00C04F79EFBC}") = "Lec22_AbstractFactoryAndOCP", "Lec22_AbstractFactoryAndOCP\Lec22_AbstractFactoryAndOCP.csproj", "{56529594-E5D9-4E1D-8A5F-B2CAC85220BA}"
EndProject
Global
	GlobalSection(SolutionConfigurationPlatforms) = preSolution
		Debug|Any CPU = Debug|Any CPU
		Release|Any CPU = Release|Any CPU
	EndGlobalSection
	GlobalSection(ProjectConfigurationPlatforms) = postSolution
		{29CAE12E-B773-4500-B261-1AA5865FF7DF}.Debug|Any CPU.ActiveCfg = Debug|Any CPU
		{29CAE12E-B773-4500-B261-1AA5865FF7DF}.Debug|Any CPU.Build.0 = Debug|Any CPU
		{29CAE12E-B773-4500-B261-1AA5865FF7DF}.Release|Any CPU.ActiveCfg = Release|Any CPU
		{29CAE12E-B773-4500-B261-1AA5865FF7DF}.Release|Any CPU.Build.0 = Release|Any CPU
		{72CE0C35-8F22-4D29-8763-FFB7DE44BDC3}.Debug|Any CPU.ActiveCfg = Debug|Any CPU
		{72CE0C35-8F22-4D29-8763-FFB7DE44BDC3}.Debug|Any CPU.Build.0 = Debug|Any CPU
		{72CE0C35-8F22-4D29-8763-FFB7DE44BDC3}.Release|Any CPU.ActiveCfg = Release|Any CPU
		{72CE0C35-8F22-4D29-8763-FFB7DE44BDC3}.Release|Any CPU.Build.0 = Release|Any CPU
		{90BB2C04-0DB7-4D98-8EE9-4E924E295A24}.Debug|Any CPU.ActiveCfg = Debug|Any CPU
		{90BB2C04-0DB7-4D98-8EE9-4E924E295A24}.Debug|Any CPU.Build.0 = Debug|Any CPU
		{90BB2C04-0DB7-4D98-8EE9-4E924E295A24}.Release|Any CPU.ActiveCfg = Release|Any CPU
		{90BB2C04-0DB7-4D98-8EE9-4E924E295A24}.Release|Any CPU.Build.0 = Release|Any CPU
		{E5DC00E3-BA51-4128-858D-E1E742C195DC}.Debug|Any CPU.ActiveCfg = Debug|Any CPU
		{E5DC00E3-BA51-4128-858D-E1E742C195DC}.Debug|Any CPU.Build.0 = Debug|Any CPU
		{E5DC00E3-BA51-4128-858D-E1E742C195DC}.Release|Any CPU.ActiveCfg = Release|Any CPU
		{E5DC00E3-BA51-4128-858D-E1E742C195DC}.Release|Any CPU.Build.0 = Release|Any CPU
		{B4218E90-A06F-493F-8257-15A7F79C59EC}.Debug|Any CPU.ActiveCfg = Debug|Any CPU
		{B4218E90-A06F-493F-8257-15A7F79C59EC}.Debug|Any CPU.Build.0 = Debug|Any CPU
		{B4218E90-A06F-493F-8257-15A7F79C59EC}.Release|Any CPU.ActiveCfg = Release|Any CPU
		{B4218E90-A06F-493F-8257-15A7F79C59EC}.Release|Any CPU.Build.0 = Release|Any CPU
		{48682393-FAAA-4A48-B997-E0951EBEDCAE}.Debug|Any CPU.ActiveCfg = Debug|Any CPU
		{48682393-FAAA-4A48-B997-E0951EBEDCAE}.Debug|Any CPU.Build.0 = Debug|Any CPU
		{48682393-FAAA-4A48-B997-E0951EBEDCAE}.Release|Any CPU.ActiveCfg = Release|Any CPU
		{48682393-FAAA-4A48-B997-E0951EBEDCAE}.Release|Any CPU.Build.0 = Release|Any CPU
		{D6DF7322-48D5-40DD-86FB-D56FF0B0E71D}.Debug|Any CPU.ActiveCfg = Debug|Any CPU
		{D6DF7322-48D5-40DD-86FB-D56FF0B0E71D}.Debug|Any CPU.Build.0 = Debug|Any CPU
		{D6DF7322-48D5-40DD-86FB-D56FF0B0E71D}.Release|Any CPU.ActiveCfg = Release|Any CPU
		{D6DF7322-48D5-40DD-86FB-D56FF0B0E71D}.Release|Any CPU.Build.0 = Release|Any CPU
		{24E0722C-4097-4207-8CD2-2CB773D15492}.Debug|Any CPU.ActiveCfg = Debug|Any CPU
		{24E0722C-4097-4207-8CD2-2CB773D15492}.Debug|Any CPU.Build.0 = Debug|Any CPU
		{24E0722C-4097-4207-8CD2-2CB773D15492}.Release|Any CPU.ActiveCfg = Release|Any CPU
		{24E0722C-4097-4207-8CD2-2CB773D15492}.Release|Any CPU.Build.0 = Release|Any CPU
		{56529594-E5D9-4E1D-8A5F-B2CAC85220BA}.Debug|Any CPU.ActiveCfg = Debug|Any CPU
		{56529594-E5D9-4E1D-8A5F-B2CAC85220BA}.Debug|Any CPU.Build.0 = Debug|Any CPU
		{56529594-E5D9-4E1D-8A5F-B2CAC85220BA}.Release|Any CPU.ActiveCfg = Release|Any CPU
		{56529594-E5D9-4E1D-8A5F-B2CAC85220BA}.Release|Any CPU.Build.0 = Release|Any CPU
	EndGlobalSection
	GlobalSection(SolutionProperties) = preSolution
		HideSolutionNode = FALSE
	EndGlobalSection
	GlobalSection(ExtensibilityGlobals) = postSolution
		SolutionGuid = {C193A512-CD7E-4DDC-8769-B7DB29B80722}
	EndGlobalSection
EndGlobal
