
Microsoft Visual Studio Solution File, Format Version 12.00
# Visual Studio 15
VisualStudioVersion = 15.0.27703.2035
MinimumVisualStudioVersion = 10.0.40219.1
Project("{FAE04EC0-301F-11D3-BF4B-00C04F79EFBC}") = "Lec41_Bridge", "Lec41_Bridge\Lec41_Bridge.csproj", "{A8ABF0E6-0126-42E3-ABCF-454DD3D94A9B}"
EndProject
Project("{FAE04EC0-301F-11D3-BF4B-00C04F79EFBC}") = "Test_Bridge", "Test_Bridge\Test_Bridge.csproj", "{A278A718-3A65-45ED-A881-0372DC58D0B1}"
EndProject
Project("{FAE04EC0-301F-11D3-BF4B-00C04F79EFBC}") = "Ex_Bridge", "Ex_Bridge\Ex_Bridge.csproj", "{966AD40F-C928-4265-B931-859A1B8B37DB}"
EndProject
Global
	GlobalSection(SolutionConfigurationPlatforms) = preSolution
		Debug|Any CPU = Debug|Any CPU
		Release|Any CPU = Release|Any CPU
	EndGlobalSection
	GlobalSection(ProjectConfigurationPlatforms) = postSolution
		{A8ABF0E6-0126-42E3-ABCF-454DD3D94A9B}.Debug|Any CPU.ActiveCfg = Debug|Any CPU
		{A8ABF0E6-0126-42E3-ABCF-454DD3D94A9B}.Debug|Any CPU.Build.0 = Debug|Any CPU
		{A8ABF0E6-0126-42E3-ABCF-454DD3D94A9B}.Release|Any CPU.ActiveCfg = Release|Any CPU
		{A8ABF0E6-0126-42E3-ABCF-454DD3D94A9B}.Release|Any CPU.Build.0 = Release|Any CPU
		{A278A718-3A65-45ED-A881-0372DC58D0B1}.Debug|Any CPU.ActiveCfg = Debug|Any CPU
		{A278A718-3A65-45ED-A881-0372DC58D0B1}.Debug|Any CPU.Build.0 = Debug|Any CPU
		{A278A718-3A65-45ED-A881-0372DC58D0B1}.Release|Any CPU.ActiveCfg = Release|Any CPU
		{A278A718-3A65-45ED-A881-0372DC58D0B1}.Release|Any CPU.Build.0 = Release|Any CPU
		{966AD40F-C928-4265-B931-859A1B8B37DB}.Debug|Any CPU.ActiveCfg = Debug|Any CPU
		{966AD40F-C928-4265-B931-859A1B8B37DB}.Debug|Any CPU.Build.0 = Debug|Any CPU
		{966AD40F-C928-4265-B931-859A1B8B37DB}.Release|Any CPU.ActiveCfg = Release|Any CPU
		{966AD40F-C928-4265-B931-859A1B8B37DB}.Release|Any CPU.Build.0 = Release|Any CPU
	EndGlobalSection
	GlobalSection(SolutionProperties) = preSolution
		HideSolutionNode = FALSE
	EndGlobalSection
	GlobalSection(ExtensibilityGlobals) = postSolution
		SolutionGuid = {5D8CAB2D-4056-4218-ABEB-3D7CAEA75CF9}
	EndGlobalSection
EndGlobal
