
Microsoft Visual Studio Solution File, Format Version 12.00
# Visual Studio 15
VisualStudioVersion = 15.0.28010.2003
MinimumVisualStudioVersion = 10.0.40219.1
Project("{FAE04EC0-301F-11D3-BF4B-00C04F79EFBC}") = "Lec48_CustomStringBuilder", "Lec48_CustomStringBuilder\Lec48_CustomStringBuilder.csproj", "{30179502-EEA1-4509-90B2-BA9088BF0A00}"
EndProject
Project("{FAE04EC0-301F-11D3-BF4B-00C04F79EFBC}") = "Test_CustomStringBuilder", "Test_CustomStringBuilder\Test_CustomStringBuilder.csproj", "{95C740C1-02E0-41B1-AD62-1D0EFB97E3E9}"
EndProject
Global
	GlobalSection(SolutionConfigurationPlatforms) = preSolution
		Debug|Any CPU = Debug|Any CPU
		Release|Any CPU = Release|Any CPU
	EndGlobalSection
	GlobalSection(ProjectConfigurationPlatforms) = postSolution
		{30179502-EEA1-4509-90B2-BA9088BF0A00}.Debug|Any CPU.ActiveCfg = Debug|Any CPU
		{30179502-EEA1-4509-90B2-BA9088BF0A00}.Debug|Any CPU.Build.0 = Debug|Any CPU
		{30179502-EEA1-4509-90B2-BA9088BF0A00}.Release|Any CPU.ActiveCfg = Release|Any CPU
		{30179502-EEA1-4509-90B2-BA9088BF0A00}.Release|Any CPU.Build.0 = Release|Any CPU
		{95C740C1-02E0-41B1-AD62-1D0EFB97E3E9}.Debug|Any CPU.ActiveCfg = Debug|Any CPU
		{95C740C1-02E0-41B1-AD62-1D0EFB97E3E9}.Debug|Any CPU.Build.0 = Debug|Any CPU
		{95C740C1-02E0-41B1-AD62-1D0EFB97E3E9}.Release|Any CPU.ActiveCfg = Release|Any CPU
		{95C740C1-02E0-41B1-AD62-1D0EFB97E3E9}.Release|Any CPU.Build.0 = Release|Any CPU
	EndGlobalSection
	GlobalSection(SolutionProperties) = preSolution
		HideSolutionNode = FALSE
	EndGlobalSection
	GlobalSection(ExtensibilityGlobals) = postSolution
		SolutionGuid = {E152700C-8E6A-408E-AF3A-7598B8830423}
	EndGlobalSection
EndGlobal
